
Microsoft Visual Studio Solution File, Format Version 12.00
# Visual Studio Version 16
VisualStudioVersion = 16.0.30011.22
MinimumVisualStudioVersion = 10.0.40219.1
Project("{9A19103F-16F7-4668-BE54-9A1E7A4F7556}") = "Stef1codesGeneticAlgoritmDTA2", "StefanSchmmeltzGeneticAlgoritmDTA2\Stef1codesGeneticAlgoritmDTA2.csproj", "{327B061F-05A6-4A8B-A3A5-81159A489B88}"
EndProject
Global
	GlobalSection(SolutionConfigurationPlatforms) = preSolution
		Debug|Any CPU = Debug|Any CPU
		Release|Any CPU = Release|Any CPU
	EndGlobalSection
	GlobalSection(ProjectConfigurationPlatforms) = postSolution
		{327B061F-05A6-4A8B-A3A5-81159A489B88}.Debug|Any CPU.ActiveCfg = Debug|Any CPU
		{327B061F-05A6-4A8B-A3A5-81159A489B88}.Debug|Any CPU.Build.0 = Debug|Any CPU
		{327B061F-05A6-4A8B-A3A5-81159A489B88}.Release|Any CPU.ActiveCfg = Release|Any CPU
		{327B061F-05A6-4A8B-A3A5-81159A489B88}.Release|Any CPU.Build.0 = Release|Any CPU
	EndGlobalSection
	GlobalSection(SolutionProperties) = preSolution
		HideSolutionNode = FALSE
	EndGlobalSection
	GlobalSection(ExtensibilityGlobals) = postSolution
		SolutionGuid = {D10B83BA-1091-4506-AD71-529EEF5505CA}
	EndGlobalSection
EndGlobal
